// !$*UTF8*$!
{
	archiveVersion = 1;
	classes = {
	};
	objectVersion = 51;
	objects = {

/* Begin PBXBuildFile section */
		109E6D3025AE349C00568A35 /* AppDelegate.swift in Sources */ = {isa = PBXBuildFile; fileRef = 109E6D2F25AE349C00568A35 /* AppDelegate.swift */; };
		109E6D3225AE349C00568A35 /* SceneDelegate.swift in Sources */ = {isa = PBXBuildFile; fileRef = 109E6D3125AE349C00568A35 /* SceneDelegate.swift */; };
		109E6D3425AE349C00568A35 /* ViewController.swift in Sources */ = {isa = PBXBuildFile; fileRef = 109E6D3325AE349C00568A35 /* ViewController.swift */; };
		109E6D3725AE349C00568A35 /* Main.storyboard in Resources */ = {isa = PBXBuildFile; fileRef = 109E6D3525AE349C00568A35 /* Main.storyboard */; };
		109E6D3925AE34A000568A35 /* Assets.xcassets in Resources */ = {isa = PBXBuildFile; fileRef = 109E6D3825AE34A000568A35 /* Assets.xcassets */; };
		109E6D3C25AE34A000568A35 /* LaunchScreen.storyboard in Resources */ = {isa = PBXBuildFile; fileRef = 109E6D3A25AE34A000568A35 /* LaunchScreen.storyboard */; };
		10A18DC625B5FBCD00507A15 /* CustomTableViewCell.swift in Sources */ = {isa = PBXBuildFile; fileRef = 10A18DC425B5FBCD00507A15 /* CustomTableViewCell.swift */; };
		10A18DC725B5FBCD00507A15 /* CustomTableViewCell.xib in Resources */ = {isa = PBXBuildFile; fileRef = 10A18DC525B5FBCD00507A15 /* CustomTableViewCell.xib */; };
		627D55A21429465E1FDF43A2 /* Pods_ShimmerPOC.framework in Frameworks */ = {isa = PBXBuildFile; fileRef = 50F0E11B0E18C1858500C5CE /* Pods_ShimmerPOC.framework */; };
/* End PBXBuildFile section */

/* Begin PBXFileReference section */
		109E6D2C25AE349C00568A35 /* ShimmerPOC.app */ = {isa = PBXFileReference; explicitFileType = wrapper.application; includeInIndex = 0; path = ShimmerPOC.app; sourceTree = BUILT_PRODUCTS_DIR; };
		109E6D2F25AE349C00568A35 /* AppDelegate.swift */ = {isa = PBXFileReference; lastKnownFileType = sourcecode.swift; path = AppDelegate.swift; sourceTree = "<group>"; };
		109E6D3125AE349C00568A35 /* SceneDelegate.swift */ = {isa = PBXFileReference; lastKnownFileType = sourcecode.swift; path = SceneDelegate.swift; sourceTree = "<group>"; };
		109E6D3325AE349C00568A35 /* ViewController.swift */ = {isa = PBXFileReference; lastKnownFileType = sourcecode.swift; path = ViewController.swift; sourceTree = "<group>"; };
		109E6D3625AE349C00568A35 /* Base */ = {isa = PBXFileReference; lastKnownFileType = file.storyboard; name = Base; path = Base.lproj/Main.storyboard; sourceTree = "<group>"; };
		109E6D3825AE34A000568A35 /* Assets.xcassets */ = {isa = PBXFileReference; lastKnownFileType = folder.assetcatalog; path = Assets.xcassets; sourceTree = "<group>"; };
		109E6D3B25AE34A000568A35 /* Base */ = {isa = PBXFileReference; lastKnownFileType = file.storyboard; name = Base; path = Base.lproj/LaunchScreen.storyboard; sourceTree = "<group>"; };
		109E6D3D25AE34A000568A35 /* Info.plist */ = {isa = PBXFileReference; lastKnownFileType = text.plist.xml; path = Info.plist; sourceTree = "<group>"; };
		10A18DC425B5FBCD00507A15 /* CustomTableViewCell.swift */ = {isa = PBXFileReference; lastKnownFileType = sourcecode.swift; path = CustomTableViewCell.swift; sourceTree = "<group>"; };
		10A18DC525B5FBCD00507A15 /* CustomTableViewCell.xib */ = {isa = PBXFileReference; lastKnownFileType = file.xib; path = CustomTableViewCell.xib; sourceTree = "<group>"; };
		50F0E11B0E18C1858500C5CE /* Pods_ShimmerPOC.framework */ = {isa = PBXFileReference; explicitFileType = wrapper.framework; includeInIndex = 0; path = Pods_ShimmerPOC.framework; sourceTree = BUILT_PRODUCTS_DIR; };
		6BB6ADCA1A803F850DDA050C /* Pods-ShimmerPOC.debug.xcconfig */ = {isa = PBXFileReference; includeInIndex = 1; lastKnownFileType = text.xcconfig; name = "Pods-ShimmerPOC.debug.xcconfig"; path = "Target Support Files/Pods-ShimmerPOC/Pods-ShimmerPOC.debug.xcconfig"; sourceTree = "<group>"; };
		E2312794077E03A0E4BE47B2 /* Pods-ShimmerPOC.release.xcconfig */ = {isa = PBXFileReference; includeInIndex = 1; lastKnownFileType = text.xcconfig; name = "Pods-ShimmerPOC.release.xcconfig"; path = "Target Support Files/Pods-ShimmerPOC/Pods-ShimmerPOC.release.xcconfig"; sourceTree = "<group>"; };
/* End PBXFileReference section */

/* Begin PBXFrameworksBuildPhase section */
		109E6D2925AE349C00568A35 /* Frameworks */ = {
			isa = PBXFrameworksBuildPhase;
			buildActionMask = 2147483647;
			files = (
				627D55A21429465E1FDF43A2 /* Pods_ShimmerPOC.framework in Frameworks */,
			);
			runOnlyForDeploymentPostprocessing = 0;
		};
/* End PBXFrameworksBuildPhase section */

/* Begin PBXGroup section */
		109E6D2325AE349C00568A35 = {
			isa = PBXGroup;
			children = (
				109E6D2E25AE349C00568A35 /* ShimmerPOC */,
				109E6D2D25AE349C00568A35 /* Products */,
				A88F771E4B3FC42A9E0FF9F7 /* Pods */,
				93171383907D026310BAE7DD /* Frameworks */,
			);
			sourceTree = "<group>";
		};
		109E6D2D25AE349C00568A35 /* Products */ = {
			isa = PBXGroup;
			children = (
				109E6D2C25AE349C00568A35 /* ShimmerPOC.app */,
			);
			name = Products;
			sourceTree = "<group>";
		};
		109E6D2E25AE349C00568A35 /* ShimmerPOC */ = {
			isa = PBXGroup;
			children = (
				10A18DC925B616E800507A15 /* Delegates */,
				10A18DC825B616DE00507A15 /* Cell */,
				109E6D3325AE349C00568A35 /* ViewController.swift */,
				109E6D3525AE349C00568A35 /* Main.storyboard */,
				109E6D3825AE34A000568A35 /* Assets.xcassets */,
				109E6D3A25AE34A000568A35 /* LaunchScreen.storyboard */,
				109E6D3D25AE34A000568A35 /* Info.plist */,
			);
			path = ShimmerPOC;
			sourceTree = "<group>";
		};
		10A18DC825B616DE00507A15 /* Cell */ = {
			isa = PBXGroup;
			children = (
				10A18DC425B5FBCD00507A15 /* CustomTableViewCell.swift */,
				10A18DC525B5FBCD00507A15 /* CustomTableViewCell.xib */,
			);
			path = Cell;
			sourceTree = "<group>";
		};
		10A18DC925B616E800507A15 /* Delegates */ = {
			isa = PBXGroup;
			children = (
				109E6D2F25AE349C00568A35 /* AppDelegate.swift */,
				109E6D3125AE349C00568A35 /* SceneDelegate.swift */,
			);
			path = Delegates;
			sourceTree = "<group>";
		};
		93171383907D026310BAE7DD /* Frameworks */ = {
			isa = PBXGroup;
			children = (
				50F0E11B0E18C1858500C5CE /* Pods_ShimmerPOC.framework */,
			);
			name = Frameworks;
			sourceTree = "<group>";
		};
		A88F771E4B3FC42A9E0FF9F7 /* Pods */ = {
			isa = PBXGroup;
			children = (
				6BB6ADCA1A803F850DDA050C /* Pods-ShimmerPOC.debug.xcconfig */,
				E2312794077E03A0E4BE47B2 /* Pods-ShimmerPOC.release.xcconfig */,
			);
			path = Pods;
			sourceTree = "<group>";
		};
/* End PBXGroup section */

/* Begin PBXNativeTarget section */
		109E6D2B25AE349C00568A35 /* ShimmerPOC */ = {
			isa = PBXNativeTarget;
			buildConfigurationList = 109E6D4025AE34A000568A35 /* Build configuration list for PBXNativeTarget "ShimmerPOC" */;
			buildPhases = (
				6C36FA9398709F01D1D55E06 /* [CP] Check Pods Manifest.lock */,
				109E6D2825AE349C00568A35 /* Sources */,
				109E6D2925AE349C00568A35 /* Frameworks */,
				109E6D2A25AE349C00568A35 /* Resources */,
				CB26108655D4531E039DAE28 /* [CP] Embed Pods Frameworks */,
			);
			buildRules = (
			);
			dependencies = (
			);
			name = ShimmerPOC;
			productName = ShimmerPOC;
			productReference = 109E6D2C25AE349C00568A35 /* ShimmerPOC.app */;
			productType = "com.apple.product-type.application";
		};
/* End PBXNativeTarget section */

/* Begin PBXProject section */
		109E6D2425AE349C00568A35 /* Project object */ = {
			isa = PBXProject;
			attributes = {
				LastSwiftUpdateCheck = 1140;
				LastUpgradeCheck = 1140;
				ORGANIZATIONNAME = lucas.lima;
				TargetAttributes = {
					109E6D2B25AE349C00568A35 = {
						CreatedOnToolsVersion = 11.4.1;
					};
				};
			};
			buildConfigurationList = 109E6D2725AE349C00568A35 /* Build configuration list for PBXProject "ShimmerPOC" */;
			compatibilityVersion = "Xcode 9.3";
			developmentRegion = en;
			hasScannedForEncodings = 0;
			knownRegions = (
				en,
				Base,
			);
			mainGroup = 109E6D2325AE349C00568A35;
			productRefGroup = 109E6D2D25AE349C00568A35 /* Products */;
			projectDirPath = "";
			projectRoot = "";
			targets = (
				109E6D2B25AE349C00568A35 /* ShimmerPOC */,
			);
		};
/* End PBXProject section */

/* Begin PBXResourcesBuildPhase section */
		109E6D2A25AE349C00568A35 /* Resources */ = {
			isa = PBXResourcesBuildPhase;
			buildActionMask = 2147483647;
			files = (
				109E6D3C25AE34A000568A35 /* LaunchScreen.storyboard in Resources */,
				109E6D3925AE34A000568A35 /* Assets.xcassets in Resources */,
				10A18DC725B5FBCD00507A15 /* CustomTableViewCell.xib in Resources */,
				109E6D3725AE349C00568A35 /* Main.storyboard in Resources */,
			);
			runOnlyForDeploymentPostprocessing = 0;
		};
/* End PBXResourcesBuildPhase section */

/* Begin PBXShellScriptBuildPhase section */
		6C36FA9398709F01D1D55E06 /* [CP] Check Pods Manifest.lock */ = {
			isa = PBXShellScriptBuildPhase;
			buildActionMask = 2147483647;
			files = (
			);
			inputFileListPaths = (
			);
			inputPaths = (
				"${PODS_PODFILE_DIR_PATH}/Podfile.lock",
				"${PODS_ROOT}/Manifest.lock",
			);
			name = "[CP] Check Pods Manifest.lock";
			outputFileListPaths = (
			);
			outputPaths = (
				"$(DERIVED_FILE_DIR)/Pods-ShimmerPOC-checkManifestLockResult.txt",
			);
			runOnlyForDeploymentPostprocessing = 0;
			shellPath = /bin/sh;
			shellScript = "diff \"${PODS_PODFILE_DIR_PATH}/Podfile.lock\" \"${PODS_ROOT}/Manifest.lock\" > /dev/null\nif [ $? != 0 ] ; then\n    # print error to STDERR\n    echo \"error: The sandbox is not in sync with the Podfile.lock. Run 'pod install' or update your CocoaPods installation.\" >&2\n    exit 1\nfi\n# This output is used by Xcode 'outputs' to avoid re-running this script phase.\necho \"SUCCESS\" > \"${SCRIPT_OUTPUT_FILE_0}\"\n";
			showEnvVarsInLog = 0;
		};
		CB26108655D4531E039DAE28 /* [CP] Embed Pods Frameworks */ = {
			isa = PBXShellScriptBuildPhase;
			buildActionMask = 2147483647;
			files = (
			);
			inputFileListPaths = (
				"${PODS_ROOT}/Target Support Files/Pods-ShimmerPOC/Pods-ShimmerPOC-frameworks-${CONFIGURATION}-input-files.xcfilelist",
			);
			name = "[CP] Embed Pods Frameworks";
			outputFileListPaths = (
				"${PODS_ROOT}/Target Support Files/Pods-ShimmerPOC/Pods-ShimmerPOC-frameworks-${CONFIGURATION}-output-files.xcfilelist",
			);
			runOnlyForDeploymentPostprocessing = 0;
			shellPath = /bin/sh;
			shellScript = "\"${PODS_ROOT}/Target Support Files/Pods-ShimmerPOC/Pods-ShimmerPOC-frameworks.sh\"\n";
			showEnvVarsInLog = 0;
		};
/* End PBXShellScriptBuildPhase section */

/* Begin PBXSourcesBuildPhase section */
		109E6D2825AE349C00568A35 /* Sources */ = {
			isa = PBXSourcesBuildPhase;
			buildActionMask = 2147483647;
			files = (
				109E6D3425AE349C00568A35 /* ViewController.swift in Sources */,
				109E6D3025AE349C00568A35 /* AppDelegate.swift in Sources */,
				10A18DC625B5FBCD00507A15 /* CustomTableViewCell.swift in Sources */,
				109E6D3225AE349C00568A35 /* SceneDelegate.swift in Sources */,
			);
			runOnlyForDeploymentPostprocessing = 0;
		};
/* End PBXSourcesBuildPhase section */

/* Begin PBXVariantGroup section */
		109E6D3525AE349C00568A35 /* Main.storyboard */ = {
			isa = PBXVariantGroup;
			children = (
				109E6D3625AE349C00568A35 /* Base */,
			);
			name = Main.storyboard;
			sourceTree = "<group>";
		};
		109E6D3A25AE34A000568A35 /* LaunchScreen.storyboard */ = {
			isa = PBXVariantGroup;
			children = (
				109E6D3B25AE34A000568A35 /* Base */,
			);
			name = LaunchScreen.storyboard;
			sourceTree = "<group>";
		};
/* End PBXVariantGroup section */

/* Begin XCBuildConfiguration section */
		109E6D3E25AE34A000568A35 /* Debug */ = {
			isa = XCBuildConfiguration;
			buildSettings = {
				ALWAYS_SEARCH_USER_PATHS = NO;
				CLANG_ANALYZER_NONNULL = YES;
				CLANG_ANALYZER_NUMBER_OBJECT_CONVERSION = YES_AGGRESSIVE;
				CLANG_CXX_LANGUAGE_STANDARD = "gnu++14";
				CLANG_CXX_LIBRARY = "libc++";
				CLANG_ENABLE_MODULES = YES;
				CLANG_ENABLE_OBJC_ARC = YES;
				CLANG_ENABLE_OBJC_WEAK = YES;
				CLANG_WARN_BLOCK_CAPTURE_AUTORELEASING = YES;
				CLANG_WARN_BOOL_CONVERSION = YES;
				CLANG_WARN_COMMA = YES;
				CLANG_WARN_CONSTANT_CONVERSION = YES;
				CLANG_WARN_DEPRECATED_OBJC_IMPLEMENTATIONS = YES;
				CLANG_WARN_DIRECT_OBJC_ISA_USAGE = YES_ERROR;
				CLANG_WARN_DOCUMENTATION_COMMENTS = YES;
				CLANG_WARN_EMPTY_BODY = YES;
				CLANG_WARN_ENUM_CONVERSION = YES;
				CLANG_WARN_INFINITE_RECURSION = YES;
				CLANG_WARN_INT_CONVERSION = YES;
				CLANG_WARN_NON_LITERAL_NULL_CONVERSION = YES;
				CLANG_WARN_OBJC_IMPLICIT_RETAIN_SELF = YES;
				CLANG_WARN_OBJC_LITERAL_CONVERSION = YES;
				CLANG_WARN_OBJC_ROOT_CLASS = YES_ERROR;
				CLANG_WARN_RANGE_LOOP_ANALYSIS = YES;
				CLANG_WARN_STRICT_PROTOTYPES = YES;
				CLANG_WARN_SUSPICIOUS_MOVE = YES;
				CLANG_WARN_UNGUARDED_AVAILABILITY = YES_AGGRESSIVE;
				CLANG_WARN_UNREACHABLE_CODE = YES;
				CLANG_WARN__DUPLICATE_METHOD_MATCH = YES;
				COPY_PHASE_STRIP = NO;
				DEBUG_INFORMATION_FORMAT = dwarf;
				ENABLE_STRICT_OBJC_MSGSEND = YES;
				ENABLE_TESTABILITY = YES;
				GCC_C_LANGUAGE_STANDARD = gnu11;
				GCC_DYNAMIC_NO_PIC = NO;
				GCC_NO_COMMON_BLOCKS = YES;
				GCC_OPTIMIZATION_LEVEL = 0;
				GCC_PREPROCESSOR_DEFINITIONS = (
					"DEBUG=1",
					"$(inherited)",
				);
				GCC_WARN_64_TO_32_BIT_CONVERSION = YES;
				GCC_WARN_ABOUT_RETURN_TYPE = YES_ERROR;
				GCC_WARN_UNDECLARED_SELECTOR = YES;
				GCC_WARN_UNINITIALIZED_AUTOS = YES_AGGRESSIVE;
				GCC_WARN_UNUSED_FUNCTION = YES;
				GCC_WARN_UNUSED_VARIABLE = YES;
				IPHONEOS_DEPLOYMENT_TARGET = 13.4;
				MTL_ENABLE_DEBUG_INFO = INCLUDE_SOURCE;
				MTL_FAST_MATH = YES;
				ONLY_ACTIVE_ARCH = YES;
				SDKROOT = iphoneos;
				SWIFT_ACTIVE_COMPILATION_CONDITIONS = DEBUG;
				SWIFT_OPTIMIZATION_LEVEL = "-Onone";
			};
			name = Debug;
		};
		109E6D3F25AE34A000568A35 /* Release */ = {
			isa = XCBuildConfiguration;
			buildSettings = {
				ALWAYS_SEARCH_USER_PATHS = NO;
				CLANG_ANALYZER_NONNULL = YES;
				CLANG_ANALYZER_NUMBER_OBJECT_CONVERSION = YES_AGGRESSIVE;
				CLANG_CXX_LANGUAGE_STANDARD = "gnu++14";
				CLANG_CXX_LIBRARY = "libc++";
				CLANG_ENABLE_MODULES = YES;
				CLANG_ENABLE_OBJC_ARC = YES;
				CLANG_ENABLE_OBJC_WEAK = YES;
				CLANG_WARN_BLOCK_CAPTURE_AUTORELEASING = YES;
				CLANG_WARN_BOOL_CONVERSION = YES;
				CLANG_WARN_COMMA = YES;
				CLANG_WARN_CONSTANT_CONVERSION = YES;
				CLANG_WARN_DEPRECATED_OBJC_IMPLEMENTATIONS = YES;
				CLANG_WARN_DIRECT_OBJC_ISA_USAGE = YES_ERROR;
				CLANG_WARN_DOCUMENTATION_COMMENTS = YES;
				CLANG_WARN_EMPTY_BODY = YES;
				CLANG_WARN_ENUM_CONVERSION = YES;
				CLANG_WARN_INFINITE_RECURSION = YES;
				CLANG_WARN_INT_CONVERSION = YES;
				CLANG_WARN_NON_LITERAL_NULL_CONVERSION = YES;
				CLANG_WARN_OBJC_IMPLICIT_RETAIN_SELF = YES;
				CLANG_WARN_OBJC_LITERAL_CONVERSION = YES;
				CLANG_WARN_OBJC_ROOT_CLASS = YES_ERROR;
				CLANG_WARN_RANGE_LOOP_ANALYSIS = YES;
				CLANG_WARN_STRICT_PROTOTYPES = YES;
				CLANG_WARN_SUSPICIOUS_MOVE = YES;
				CLANG_WARN_UNGUARDED_AVAILABILITY = YES_AGGRESSIVE;
				CLANG_WARN_UNREACHABLE_CODE = YES;
				CLANG_WARN__DUPLICATE_METHOD_MATCH = YES;
				COPY_PHASE_STRIP = NO;
				DEBUG_INFORMATION_FORMAT = "dwarf-with-dsym";
				ENABLE_NS_ASSERTIONS = NO;
				ENABLE_STRICT_OBJC_MSGSEND = YES;
				GCC_C_LANGUAGE_STANDARD = gnu11;
				GCC_NO_COMMON_BLOCKS = YES;
				GCC_WARN_64_TO_32_BIT_CONVERSION = YES;
				GCC_WARN_ABOUT_RETURN_TYPE = YES_ERROR;
				GCC_WARN_UNDECLARED_SELECTOR = YES;
				GCC_WARN_UNINITIALIZED_AUTOS = YES_AGGRESSIVE;
				GCC_WARN_UNUSED_FUNCTION = YES;
				GCC_WARN_UNUSED_VARIABLE = YES;
				IPHONEOS_DEPLOYMENT_TARGET = 13.4;
				MTL_ENABLE_DEBUG_INFO = NO;
				MTL_FAST_MATH = YES;
				SDKROOT = iphoneos;
				SWIFT_COMPILATION_MODE = wholemodule;
				SWIFT_OPTIMIZATION_LEVEL = "-O";
				VALIDATE_PRODUCT = YES;
			};
			name = Release;
		};
		109E6D4125AE34A000568A35 /* Debug */ = {
			isa = XCBuildConfiguration;
			baseConfigurationReference = 6BB6ADCA1A803F850DDA050C /* Pods-ShimmerPOC.debug.xcconfig */;
			buildSettings = {
				ASSETCATALOG_COMPILER_APPICON_NAME = AppIcon;
				CODE_SIGN_STYLE = Automatic;
				INFOPLIST_FILE = ShimmerPOC/Info.plist;
				LD_RUNPATH_SEARCH_PATHS = (
					"$(inherited)",
					"@executable_path/Frameworks",
				);
				PRODUCT_BUNDLE_IDENTIFIER = com.xablau.ShimmerPOC;
				PRODUCT_NAME = "$(TARGET_NAME)";
				SWIFT_VERSION = 5.0;
				TARGETED_DEVICE_FAMILY = "1,2";
			};
			name = Debug;
		};
		109E6D4225AE34A000568A35 /* Release */ = {
			isa = XCBuildConfiguration;
			baseConfigurationReference = E2312794077E03A0E4BE47B2 /* Pods-ShimmerPOC.release.xcconfig */;
			buildSettings = {
				ASSETCATALOG_COMPILER_APPICON_NAME = AppIcon;
				CODE_SIGN_STYLE = Automatic;
				INFOPLIST_FILE = ShimmerPOC/Info.plist;
				LD_RUNPATH_SEARCH_PATHS = (
					"$(inherited)",
					"@executable_path/Frameworks",
				);
				PRODUCT_BUNDLE_IDENTIFIER = com.xablau.ShimmerPOC;
				PRODUCT_NAME = "$(TARGET_NAME)";
				SWIFT_VERSION = 5.0;
				TARGETED_DEVICE_FAMILY = "1,2";
			};
			name = Release;
		};
/* End XCBuildConfiguration section */

/* Begin XCConfigurationList section */
		109E6D2725AE349C00568A35 /* Build configuration list for PBXProject "ShimmerPOC" */ = {
			isa = XCConfigurationList;
			buildConfigurations = (
				109E6D3E25AE34A000568A35 /* Debug */,
				109E6D3F25AE34A000568A35 /* Release */,
			);
			defaultConfigurationIsVisible = 0;
			defaultConfigurationName = Release;
		};
		109E6D4025AE34A000568A35 /* Build configuration list for PBXNativeTarget "ShimmerPOC" */ = {
			isa = XCConfigurationList;
			buildConfigurations = (
				109E6D4125AE34A000568A35 /* Debug */,
				109E6D4225AE34A000568A35 /* Release */,
			);
			defaultConfigurationIsVisible = 0;
			defaultConfigurationName = Release;
		};
/* End XCConfigurationList section */
	};
	rootObject = 109E6D2425AE349C00568A35 /* Project object */;
}
